
Microsoft Visual Studio Solution File, Format Version 12.00
# Visual Studio 15
VisualStudioVersion = 15.0.27703.2000
MinimumVisualStudioVersion = 10.0.40219.1
Project("{FAE04EC0-301F-11D3-BF4B-00C04F79EFBC}") = "ConsoleApp4", "ConsoleApp4\ConsoleApp4.csproj", "{DD14F120-A165-4F86-922F-900B0612B962}"
EndProject
Global
	GlobalSection(SolutionConfigurationPlatforms) = preSolution
		Debug|Any CPU = Debug|Any CPU
		Release|Any CPU = Release|Any CPU
	EndGlobalSection
	GlobalSection(ProjectConfigurationPlatforms) = postSolution
		{DD14F120-A165-4F86-922F-900B0612B962}.Debug|Any CPU.ActiveCfg = Debug|Any CPU
		{DD14F120-A165-4F86-922F-900B0612B962}.Debug|Any CPU.Build.0 = Debug|Any CPU
		{DD14F120-A165-4F86-922F-900B0612B962}.Release|Any CPU.ActiveCfg = Release|Any CPU
		{DD14F120-A165-4F86-922F-900B0612B962}.Release|Any CPU.Build.0 = Release|Any CPU
	EndGlobalSection
	GlobalSection(SolutionProperties) = preSolution
		HideSolutionNode = FALSE
	EndGlobalSection
	GlobalSection(ExtensibilityGlobals) = postSolution
		SolutionGuid = {251B0DD2-8ECB-4FEF-881A-B76FCECDC739}
	EndGlobalSection
EndGlobal
